
Microsoft Visual Studio Solution File, Format Version 12.00
# Visual Studio Version 17
VisualStudioVersion = 17.0.31912.275
MinimumVisualStudioVersion = 10.0.40219.1
Project("{FAE04EC0-301F-11D3-BF4B-00C04F79EFBC}") = "CodinGameCrystalRush", "CodinGameCrystalRush\CodinGameCrystalRush.csproj", "{130C26EC-667B-4A38-9031-6D17321BBDA1}"
EndProject
Global
	GlobalSection(SolutionConfigurationPlatforms) = preSolution
		Debug|Any CPU = Debug|Any CPU
		Release|Any CPU = Release|Any CPU
	EndGlobalSection
	GlobalSection(ProjectConfigurationPlatforms) = postSolution
		{130C26EC-667B-4A38-9031-6D17321BBDA1}.Debug|Any CPU.ActiveCfg = Debug|Any CPU
		{130C26EC-667B-4A38-9031-6D17321BBDA1}.Debug|Any CPU.Build.0 = Debug|Any CPU
		{130C26EC-667B-4A38-9031-6D17321BBDA1}.Release|Any CPU.ActiveCfg = Release|Any CPU
		{130C26EC-667B-4A38-9031-6D17321BBDA1}.Release|Any CPU.Build.0 = Release|Any CPU
	EndGlobalSection
	GlobalSection(SolutionProperties) = preSolution
		HideSolutionNode = FALSE
	EndGlobalSection
	GlobalSection(ExtensibilityGlobals) = postSolution
		SolutionGuid = {7A05029E-4495-46D8-AC6F-7A0FA2397BB6}
	EndGlobalSection
EndGlobal
